
Microsoft Visual Studio Solution File, Format Version 12.00
# Visual Studio Version 17
VisualStudioVersion = 17.4.33403.182
MinimumVisualStudioVersion = 10.0.40219.1
Project("{FAE04EC0-301F-11D3-BF4B-00C04F79EFBC}") = "Lab1JhonsonHumbertoLeivaSalinas", "Lab1JhonsonHumbertoLeivaSalinas.csproj", "{8536B3AB-3861-4214-8B6F-FED582A5C9CE}"
EndProject
Global
	GlobalSection(SolutionConfigurationPlatforms) = preSolution
		Debug|Any CPU = Debug|Any CPU
		Release|Any CPU = Release|Any CPU
	EndGlobalSection
	GlobalSection(ProjectConfigurationPlatforms) = postSolution
		{8536B3AB-3861-4214-8B6F-FED582A5C9CE}.Debug|Any CPU.ActiveCfg = Debug|Any CPU
		{8536B3AB-3861-4214-8B6F-FED582A5C9CE}.Debug|Any CPU.Build.0 = Debug|Any CPU
		{8536B3AB-3861-4214-8B6F-FED582A5C9CE}.Release|Any CPU.ActiveCfg = Release|Any CPU
		{8536B3AB-3861-4214-8B6F-FED582A5C9CE}.Release|Any CPU.Build.0 = Release|Any CPU
	EndGlobalSection
	GlobalSection(SolutionProperties) = preSolution
		HideSolutionNode = FALSE
	EndGlobalSection
	GlobalSection(ExtensibilityGlobals) = postSolution
		SolutionGuid = {C63F3DD5-ECC5-4B9E-B6DA-416DFF539315}
	EndGlobalSection
EndGlobal
